// !$*UTF8*$!
{
	archiveVersion = 1;
	classes = {
	};
	objectVersion = 50;
	objects = {

/* Begin PBXBuildFile section */
		CB5DEA2321AB0503007D33E0 /* AppDelegate.swift in Sources */ = {isa = PBXBuildFile; fileRef = CB5DEA2221AB0503007D33E0 /* AppDelegate.swift */; };
		CB5DEA2521AB0503007D33E0 /* art.scnassets in Resources */ = {isa = PBXBuildFile; fileRef = CB5DEA2421AB0503007D33E0 /* art.scnassets */; };
		CB5DEA2721AB0503007D33E0 /* ViewController.swift in Sources */ = {isa = PBXBuildFile; fileRef = CB5DEA2621AB0503007D33E0 /* ViewController.swift */; };
		CB5DEA2A21AB0503007D33E0 /* Main.storyboard in Resources */ = {isa = PBXBuildFile; fileRef = CB5DEA2821AB0503007D33E0 /* Main.storyboard */; };
		CB5DEA2C21AB0504007D33E0 /* Assets.xcassets in Resources */ = {isa = PBXBuildFile; fileRef = CB5DEA2B21AB0504007D33E0 /* Assets.xcassets */; };
		CB5DEA2F21AB0504007D33E0 /* LaunchScreen.storyboard in Resources */ = {isa = PBXBuildFile; fileRef = CB5DEA2D21AB0504007D33E0 /* LaunchScreen.storyboard */; };
		CB5DEA3721AB14A9007D33E0 /* big_buck_bunny.mp4 in Resources */ = {isa = PBXBuildFile; fileRef = CB5DEA3621AB1187007D33E0 /* big_buck_bunny.mp4 */; };
/* End PBXBuildFile section */

/* Begin PBXFileReference section */
		CB5DEA1F21AB0503007D33E0 /* PlayingVideo.app */ = {isa = PBXFileReference; explicitFileType = wrapper.application; includeInIndex = 0; path = PlayingVideo.app; sourceTree = BUILT_PRODUCTS_DIR; };
		CB5DEA2221AB0503007D33E0 /* AppDelegate.swift */ = {isa = PBXFileReference; lastKnownFileType = sourcecode.swift; path = AppDelegate.swift; sourceTree = "<group>"; };
		CB5DEA2421AB0503007D33E0 /* art.scnassets */ = {isa = PBXFileReference; lastKnownFileType = wrapper.scnassets; path = art.scnassets; sourceTree = "<group>"; };
		CB5DEA2621AB0503007D33E0 /* ViewController.swift */ = {isa = PBXFileReference; lastKnownFileType = sourcecode.swift; path = ViewController.swift; sourceTree = "<group>"; };
		CB5DEA2921AB0503007D33E0 /* Base */ = {isa = PBXFileReference; lastKnownFileType = file.storyboard; name = Base; path = Base.lproj/Main.storyboard; sourceTree = "<group>"; };
		CB5DEA2B21AB0504007D33E0 /* Assets.xcassets */ = {isa = PBXFileReference; lastKnownFileType = folder.assetcatalog; path = Assets.xcassets; sourceTree = "<group>"; };
		CB5DEA2E21AB0504007D33E0 /* Base */ = {isa = PBXFileReference; lastKnownFileType = file.storyboard; name = Base; path = Base.lproj/LaunchScreen.storyboard; sourceTree = "<group>"; };
		CB5DEA3021AB0504007D33E0 /* Info.plist */ = {isa = PBXFileReference; lastKnownFileType = text.plist.xml; path = Info.plist; sourceTree = "<group>"; };
		CB5DEA3621AB1187007D33E0 /* big_buck_bunny.mp4 */ = {isa = PBXFileReference; lastKnownFileType = file; path = big_buck_bunny.mp4; sourceTree = "<group>"; };
/* End PBXFileReference section */

/* Begin PBXFrameworksBuildPhase section */
		CB5DEA1C21AB0503007D33E0 /* Frameworks */ = {
			isa = PBXFrameworksBuildPhase;
			buildActionMask = 2147483647;
			files = (
			);
			runOnlyForDeploymentPostprocessing = 0;
		};
/* End PBXFrameworksBuildPhase section */

/* Begin PBXGroup section */
		CB5DEA1621AB0503007D33E0 = {
			isa = PBXGroup;
			children = (
				CB5DEA2121AB0503007D33E0 /* PlayingVideo */,
				CB5DEA2021AB0503007D33E0 /* Products */,
			);
			sourceTree = "<group>";
		};
		CB5DEA2021AB0503007D33E0 /* Products */ = {
			isa = PBXGroup;
			children = (
				CB5DEA1F21AB0503007D33E0 /* PlayingVideo.app */,
			);
			name = Products;
			sourceTree = "<group>";
		};
		CB5DEA2121AB0503007D33E0 /* PlayingVideo */ = {
			isa = PBXGroup;
			children = (
				CB5DEA2221AB0503007D33E0 /* AppDelegate.swift */,
				CB5DEA2421AB0503007D33E0 /* art.scnassets */,
				CB5DEA2621AB0503007D33E0 /* ViewController.swift */,
				CB5DEA2821AB0503007D33E0 /* Main.storyboard */,
				CB5DEA2B21AB0504007D33E0 /* Assets.xcassets */,
				CB5DEA2D21AB0504007D33E0 /* LaunchScreen.storyboard */,
				CB5DEA3621AB1187007D33E0 /* big_buck_bunny.mp4 */,
				CB5DEA3021AB0504007D33E0 /* Info.plist */,
			);
			path = PlayingVideo;
			sourceTree = "<group>";
		};
/* End PBXGroup section */

/* Begin PBXNativeTarget section */
		CB5DEA1E21AB0503007D33E0 /* PlayingVideo */ = {
			isa = PBXNativeTarget;
			buildConfigurationList = CB5DEA3321AB0504007D33E0 /* Build configuration list for PBXNativeTarget "PlayingVideo" */;
			buildPhases = (
				CB5DEA1B21AB0503007D33E0 /* Sources */,
				CB5DEA1C21AB0503007D33E0 /* Frameworks */,
				CB5DEA1D21AB0503007D33E0 /* Resources */,
			);
			buildRules = (
			);
			dependencies = (
			);
			name = PlayingVideo;
			productName = PlayingVideo;
			productReference = CB5DEA1F21AB0503007D33E0 /* PlayingVideo.app */;
			productType = "com.apple.product-type.application";
		};
/* End PBXNativeTarget section */

/* Begin PBXProject section */
		CB5DEA1721AB0503007D33E0 /* Project object */ = {
			isa = PBXProject;
			attributes = {
				LastSwiftUpdateCheck = 1010;
				LastUpgradeCheck = 1010;
				ORGANIZATIONNAME = "박세은";
				TargetAttributes = {
					CB5DEA1E21AB0503007D33E0 = {
						CreatedOnToolsVersion = 10.1;
					};
				};
			};
			buildConfigurationList = CB5DEA1A21AB0503007D33E0 /* Build configuration list for PBXProject "PlayingVideo" */;
			compatibilityVersion = "Xcode 9.3";
			developmentRegion = en;
			hasScannedForEncodings = 0;
			knownRegions = (
				en,
				Base,
			);
			mainGroup = CB5DEA1621AB0503007D33E0;
			productRefGroup = CB5DEA2021AB0503007D33E0 /* Products */;
			projectDirPath = "";
			projectRoot = "";
			targets = (
				CB5DEA1E21AB0503007D33E0 /* PlayingVideo */,
			);
		};
/* End PBXProject section */

/* Begin PBXResourcesBuildPhase section */
		CB5DEA1D21AB0503007D33E0 /* Resources */ = {
			isa = PBXResourcesBuildPhase;
			buildActionMask = 2147483647;
			files = (
				CB5DEA2521AB0503007D33E0 /* art.scnassets in Resources */,
				CB5DEA2F21AB0504007D33E0 /* LaunchScreen.storyboard in Resources */,
				CB5DEA3721AB14A9007D33E0 /* big_buck_bunny.mp4 in Resources */,
				CB5DEA2C21AB0504007D33E0 /* Assets.xcassets in Resources */,
				CB5DEA2A21AB0503007D33E0 /* Main.storyboard in Resources */,
			);
			runOnlyForDeploymentPostprocessing = 0;
		};
/* End PBXResourcesBuildPhase section */

/* Begin PBXSourcesBuildPhase section */
		CB5DEA1B21AB0503007D33E0 /* Sources */ = {
			isa = PBXSourcesBuildPhase;
			buildActionMask = 2147483647;
			files = (
				CB5DEA2721AB0503007D33E0 /* ViewController.swift in Sources */,
				CB5DEA2321AB0503007D33E0 /* AppDelegate.swift in Sources */,
			);
			runOnlyForDeploymentPostprocessing = 0;
		};
/* End PBXSourcesBuildPhase section */

/* Begin PBXVariantGroup section */
		CB5DEA2821AB0503007D33E0 /* Main.storyboard */ = {
			isa = PBXVariantGroup;
			children = (
				CB5DEA2921AB0503007D33E0 /* Base */,
			);
			name = Main.storyboard;
			sourceTree = "<group>";
		};
		CB5DEA2D21AB0504007D33E0 /* LaunchScreen.storyboard */ = {
			isa = PBXVariantGroup;
			children = (
				CB5DEA2E21AB0504007D33E0 /* Base */,
			);
			name = LaunchScreen.storyboard;
			sourceTree = "<group>";
		};
/* End PBXVariantGroup section */

/* Begin XCBuildConfiguration section */
		CB5DEA3121AB0504007D33E0 /* Debug */ = {
			isa = XCBuildConfiguration;
			buildSettings = {
				ALWAYS_SEARCH_USER_PATHS = NO;
				CLANG_ANALYZER_NONNULL = YES;
				CLANG_ANALYZER_NUMBER_OBJECT_CONVERSION = YES_AGGRESSIVE;
				CLANG_CXX_LANGUAGE_STANDARD = "gnu++14";
				CLANG_CXX_LIBRARY = "libc++";
				CLANG_ENABLE_MODULES = YES;
				CLANG_ENABLE_OBJC_ARC = YES;
				CLANG_ENABLE_OBJC_WEAK = YES;
				CLANG_WARN_BLOCK_CAPTURE_AUTORELEASING = YES;
				CLANG_WARN_BOOL_CONVERSION = YES;
				CLANG_WARN_COMMA = YES;
				CLANG_WARN_CONSTANT_CONVERSION = YES;
				CLANG_WARN_DEPRECATED_OBJC_IMPLEMENTATIONS = YES;
				CLANG_WARN_DIRECT_OBJC_ISA_USAGE = YES_ERROR;
				CLANG_WARN_DOCUMENTATION_COMMENTS = YES;
				CLANG_WARN_EMPTY_BODY = YES;
				CLANG_WARN_ENUM_CONVERSION = YES;
				CLANG_WARN_INFINITE_RECURSION = YES;
				CLANG_WARN_INT_CONVERSION = YES;
				CLANG_WARN_NON_LITERAL_NULL_CONVERSION = YES;
				CLANG_WARN_OBJC_IMPLICIT_RETAIN_SELF = YES;
				CLANG_WARN_OBJC_LITERAL_CONVERSION = YES;
				CLANG_WARN_OBJC_ROOT_CLASS = YES_ERROR;
				CLANG_WARN_RANGE_LOOP_ANALYSIS = YES;
				CLANG_WARN_STRICT_PROTOTYPES = YES;
				CLANG_WARN_SUSPICIOUS_MOVE = YES;
				CLANG_WARN_UNGUARDED_AVAILABILITY = YES_AGGRESSIVE;
				CLANG_WARN_UNREACHABLE_CODE = YES;
				CLANG_WARN__DUPLICATE_METHOD_MATCH = YES;
				CODE_SIGN_IDENTITY = "iPhone Developer";
				COPY_PHASE_STRIP = NO;
				DEBUG_INFORMATION_FORMAT = dwarf;
				ENABLE_STRICT_OBJC_MSGSEND = YES;
				ENABLE_TESTABILITY = YES;
				GCC_C_LANGUAGE_STANDARD = gnu11;
				GCC_DYNAMIC_NO_PIC = NO;
				GCC_NO_COMMON_BLOCKS = YES;
				GCC_OPTIMIZATION_LEVEL = 0;
				GCC_PREPROCESSOR_DEFINITIONS = (
					"DEBUG=1",
					"$(inherited)",
				);
				GCC_WARN_64_TO_32_BIT_CONVERSION = YES;
				GCC_WARN_ABOUT_RETURN_TYPE = YES_ERROR;
				GCC_WARN_UNDECLARED_SELECTOR = YES;
				GCC_WARN_UNINITIALIZED_AUTOS = YES_AGGRESSIVE;
				GCC_WARN_UNUSED_FUNCTION = YES;
				GCC_WARN_UNUSED_VARIABLE = YES;
				IPHONEOS_DEPLOYMENT_TARGET = 12.1;
				MTL_ENABLE_DEBUG_INFO = INCLUDE_SOURCE;
				MTL_FAST_MATH = YES;
				ONLY_ACTIVE_ARCH = YES;
				SDKROOT = iphoneos;
				SWIFT_ACTIVE_COMPILATION_CONDITIONS = DEBUG;
				SWIFT_OPTIMIZATION_LEVEL = "-Onone";
			};
			name = Debug;
		};
		CB5DEA3221AB0504007D33E0 /* Release */ = {
			isa = XCBuildConfiguration;
			buildSettings = {
				ALWAYS_SEARCH_USER_PATHS = NO;
				CLANG_ANALYZER_NONNULL = YES;
				CLANG_ANALYZER_NUMBER_OBJECT_CONVERSION = YES_AGGRESSIVE;
				CLANG_CXX_LANGUAGE_STANDARD = "gnu++14";
				CLANG_CXX_LIBRARY = "libc++";
				CLANG_ENABLE_MODULES = YES;
				CLANG_ENABLE_OBJC_ARC = YES;
				CLANG_ENABLE_OBJC_WEAK = YES;
				CLANG_WARN_BLOCK_CAPTURE_AUTORELEASING = YES;
				CLANG_WARN_BOOL_CONVERSION = YES;
				CLANG_WARN_COMMA = YES;
				CLANG_WARN_CONSTANT_CONVERSION = YES;
				CLANG_WARN_DEPRECATED_OBJC_IMPLEMENTATIONS = YES;
				CLANG_WARN_DIRECT_OBJC_ISA_USAGE = YES_ERROR;
				CLANG_WARN_DOCUMENTATION_COMMENTS = YES;
				CLANG_WARN_EMPTY_BODY = YES;
				CLANG_WARN_ENUM_CONVERSION = YES;
				CLANG_WARN_INFINITE_RECURSION = YES;
				CLANG_WARN_INT_CONVERSION = YES;
				CLANG_WARN_NON_LITERAL_NULL_CONVERSION = YES;
				CLANG_WARN_OBJC_IMPLICIT_RETAIN_SELF = YES;
				CLANG_WARN_OBJC_LITERAL_CONVERSION = YES;
				CLANG_WARN_OBJC_ROOT_CLASS = YES_ERROR;
				CLANG_WARN_RANGE_LOOP_ANALYSIS = YES;
				CLANG_WARN_STRICT_PROTOTYPES = YES;
				CLANG_WARN_SUSPICIOUS_MOVE = YES;
				CLANG_WARN_UNGUARDED_AVAILABILITY = YES_AGGRESSIVE;
				CLANG_WARN_UNREACHABLE_CODE = YES;
				CLANG_WARN__DUPLICATE_METHOD_MATCH = YES;
				CODE_SIGN_IDENTITY = "iPhone Developer";
				COPY_PHASE_STRIP = NO;
				DEBUG_INFORMATION_FORMAT = "dwarf-with-dsym";
				ENABLE_NS_ASSERTIONS = NO;
				ENABLE_STRICT_OBJC_MSGSEND = YES;
				GCC_C_LANGUAGE_STANDARD = gnu11;
				GCC_NO_COMMON_BLOCKS = YES;
				GCC_WARN_64_TO_32_BIT_CONVERSION = YES;
				GCC_WARN_ABOUT_RETURN_TYPE = YES_ERROR;
				GCC_WARN_UNDECLARED_SELECTOR = YES;
				GCC_WARN_UNINITIALIZED_AUTOS = YES_AGGRESSIVE;
				GCC_WARN_UNUSED_FUNCTION = YES;
				GCC_WARN_UNUSED_VARIABLE = YES;
				IPHONEOS_DEPLOYMENT_TARGET = 12.1;
				MTL_ENABLE_DEBUG_INFO = NO;
				MTL_FAST_MATH = YES;
				SDKROOT = iphoneos;
				SWIFT_COMPILATION_MODE = wholemodule;
				SWIFT_OPTIMIZATION_LEVEL = "-O";
				VALIDATE_PRODUCT = YES;
			};
			name = Release;
		};
		CB5DEA3421AB0504007D33E0 /* Debug */ = {
			isa = XCBuildConfiguration;
			buildSettings = {
				ASSETCATALOG_COMPILER_APPICON_NAME = AppIcon;
				CODE_SIGN_STYLE = Automatic;
				DEVELOPMENT_TEAM = N6JH7RBUA4;
				INFOPLIST_FILE = PlayingVideo/Info.plist;
				LD_RUNPATH_SEARCH_PATHS = (
					"$(inherited)",
					"@executable_path/Frameworks",
				);
				PRODUCT_BUNDLE_IDENTIFIER = pkse1213.PlayingVideo;
				PRODUCT_NAME = "$(TARGET_NAME)";
				SWIFT_VERSION = 4.2;
				TARGETED_DEVICE_FAMILY = "1,2";
			};
			name = Debug;
		};
		CB5DEA3521AB0504007D33E0 /* Release */ = {
			isa = XCBuildConfiguration;
			buildSettings = {
				ASSETCATALOG_COMPILER_APPICON_NAME = AppIcon;
				CODE_SIGN_STYLE = Automatic;
				DEVELOPMENT_TEAM = N6JH7RBUA4;
				INFOPLIST_FILE = PlayingVideo/Info.plist;
				LD_RUNPATH_SEARCH_PATHS = (
					"$(inherited)",
					"@executable_path/Frameworks",
				);
				PRODUCT_BUNDLE_IDENTIFIER = pkse1213.PlayingVideo;
				PRODUCT_NAME = "$(TARGET_NAME)";
				SWIFT_VERSION = 4.2;
				TARGETED_DEVICE_FAMILY = "1,2";
			};
			name = Release;
		};
/* End XCBuildConfiguration section */

/* Begin XCConfigurationList section */
		CB5DEA1A21AB0503007D33E0 /* Build configuration list for PBXProject "PlayingVideo" */ = {
			isa = XCConfigurationList;
			buildConfigurations = (
				CB5DEA3121AB0504007D33E0 /* Debug */,
				CB5DEA3221AB0504007D33E0 /* Release */,
			);
			defaultConfigurationIsVisible = 0;
			defaultConfigurationName = Release;
		};
		CB5DEA3321AB0504007D33E0 /* Build configuration list for PBXNativeTarget "PlayingVideo" */ = {
			isa = XCConfigurationList;
			buildConfigurations = (
				CB5DEA3421AB0504007D33E0 /* Debug */,
				CB5DEA3521AB0504007D33E0 /* Release */,
			);
			defaultConfigurationIsVisible = 0;
			defaultConfigurationName = Release;
		};
/* End XCConfigurationList section */
	};
	rootObject = CB5DEA1721AB0503007D33E0 /* Project object */;
}
